PODS:
  - CocoaAsyncSocket (7.5.1):
    - CocoaAsyncSocket/GCD (= 7.5.1)
  - CocoaAsyncSocket/GCD (7.5.1)
  - SwiftyBeaver (1.1.1)

DEPENDENCIES:
  - CocoaAsyncSocket
  - SwiftyBeaver

SPEC CHECKSUMS:
  CocoaAsyncSocket: e0a7e93b2ffa411592ff87e58524fbbc9b95b4fa
  SwiftyBeaver: 2b68694df862381235e32bcfc4ec991e26bf131d

PODFILE CHECKSUM: 1216beebd977f178ebecd04df44efe2b2d282cae

COCOAPODS: 1.0.0
