PODS:
  - CocoaAsyncSocket (7.6.3)
  - SwiftyBeaver (1.6.1)

DEPENDENCIES:
  - CocoaAsyncSocket (>= 7.6.0)
  - SwiftyBeaver (>= 1.2.1)

SPEC REPOS:
  https://github.com/cocoapods/specs.git:
    - CocoaAsyncSocket
    - SwiftyBeaver

SPEC CHECKSUMS:
  CocoaAsyncSocket: eafaa68a7e0ec99ead0a7b35015e0bf25d2c8987
  SwiftyBeaver: ccfcdf85a04d429f1633f668650b0ce8020bda3a

PODFILE CHECKSUM: 3b767c4a1a0aadcba77695acfbc4a8109eef8450

COCOAPODS: 1.5.2
