// !$*UTF8*$!
{
	archiveVersion = 1;
	classes = {
	};
	objectVersion = 46;
	objects = {

/* Begin PBXBuildFile section */
		1D95691F4AB8C1F52C221271 /* Pods_KnxBasics2Tests.framework in Frameworks */ = {isa = PBXBuildFile; fileRef = 92C95B88379E0E0A01C9C97A /* Pods_KnxBasics2Tests.framework */; };
		48C824CD9BA90EED41F565DB /* Pods_KnxBasics2Ios.framework in Frameworks */ = {isa = PBXBuildFile; fileRef = 4A429BF0405B7FE4C77D2AF7 /* Pods_KnxBasics2Ios.framework */; };
		94C75CBA379C573D0C44FC68 /* Pods_KnxBasics2.framework in Frameworks */ = {isa = PBXBuildFile; fileRef = ED72649DF879A631A6A7C0FA /* Pods_KnxBasics2.framework */; };
		BF6500E21EE30F5A003790F9 /* KnxNetIpHeader.swift in Sources */ = {isa = PBXBuildFile; fileRef = BF6500E01EE30F5A003790F9 /* KnxNetIpHeader.swift */; };
		BF6500E31EE30F5A003790F9 /* KnxIpDataLinkLayerFrame.swift in Sources */ = {isa = PBXBuildFile; fileRef = BF6500E11EE30F5A003790F9 /* KnxIpDataLinkLayerFrame.swift */; };
		BF6652401CC7F066004158BB /* KnxBasics2.framework in Frameworks */ = {isa = PBXBuildFile; fileRef = BF6652351CC7F065004158BB /* KnxBasics2.framework */; };
		BF6F3AF11EB12F7B00A4F89E /* KnxBasics2Ios.h in Headers */ = {isa = PBXBuildFile; fileRef = BF6F3AEF1EB12F7B00A4F89E /* KnxBasics2Ios.h */; settings = {ATTRIBUTES = (Public, ); }; };
		BF81E6861ECC34E700C2D250 /* DataHexString.swift in Sources */ = {isa = PBXBuildFile; fileRef = BF81E6841ECC34E700C2D250 /* DataHexString.swift */; };
		BF81E6871ECC34E700C2D250 /* DispatchQueueDoOnce.swift in Sources */ = {isa = PBXBuildFile; fileRef = BF81E6851ECC34E700C2D250 /* DispatchQueueDoOnce.swift */; };
		BF9ADC9E1CD6686900CA7C83 /* KnxTemperatureControl.swift in Sources */ = {isa = PBXBuildFile; fileRef = BF9ADC9D1CD6686900CA7C83 /* KnxTemperatureControl.swift */; };
		BFD490E91CD66EC600D76625 /* TestKnxTelegram.swift in Sources */ = {isa = PBXBuildFile; fileRef = BFD490E71CD66EAC00D76625 /* TestKnxTelegram.swift */; };
		BFD490EB1CD66EFE00D76625 /* KnxOnOffControl.swift in Sources */ = {isa = PBXBuildFile; fileRef = BFD490EA1CD66EFE00D76625 /* KnxOnOffControl.swift */; };
		BFE54FDF1CD2732F002A79C4 /* KnxGroupAddress.swift in Sources */ = {isa = PBXBuildFile; fileRef = BFE54FD41CD2732F002A79C4 /* KnxGroupAddress.swift */; };
		BFE54FE11CD2732F002A79C4 /* KnxDimmerControl.swift in Sources */ = {isa = PBXBuildFile; fileRef = BFE54FD51CD2732F002A79C4 /* KnxDimmerControl.swift */; };
		BFE54FE31CD2732F002A79C4 /* KnxException.swift in Sources */ = {isa = PBXBuildFile; fileRef = BFE54FD61CD2732F002A79C4 /* KnxException.swift */; };
		BFE54FE51CD2732F002A79C4 /* KnxGroupAddressRegistry.swift in Sources */ = {isa = PBXBuildFile; fileRef = BFE54FD71CD2732F002A79C4 /* KnxGroupAddressRegistry.swift */; };
		BFE54FE71CD2732F002A79C4 /* KnxResponseHandlerDelegates.swift in Sources */ = {isa = PBXBuildFile; fileRef = BFE54FD81CD2732F002A79C4 /* KnxResponseHandlerDelegates.swift */; };
		BFE54FE91CD2732F002A79C4 /* KnxRouterInterface.swift in Sources */ = {isa = PBXBuildFile; fileRef = BFE54FD91CD2732F002A79C4 /* KnxRouterInterface.swift */; };
		BFE54FEB1CD2732F002A79C4 /* KnxTelegram.swift in Sources */ = {isa = PBXBuildFile; fileRef = BFE54FDA1CD2732F002A79C4 /* KnxTelegram.swift */; };
		BFE54FED1CD2732F002A79C4 /* KnxTelegramFactory.swift in Sources */ = {isa = PBXBuildFile; fileRef = BFE54FDB1CD2732F002A79C4 /* KnxTelegramFactory.swift */; };
		BFE54FEF1CD2732F002A79C4 /* KnxTelegramResponseHandlerDelegate.swift in Sources */ = {isa = PBXBuildFile; fileRef = BFE54FDC1CD2732F002A79C4 /* KnxTelegramResponseHandlerDelegate.swift */; };
		BFE54FF81CD27C25002A79C4 /* TestKnxGroupAddressRegistry.swift in Sources */ = {isa = PBXBuildFile; fileRef = BFE54FF41CD27C25002A79C4 /* TestKnxGroupAddressRegistry.swift */; };
		BFE550041CD282EC002A79C4 /* TestKnxTelegramFactory.swift in Sources */ = {isa = PBXBuildFile; fileRef = BFE550031CD282EC002A79C4 /* TestKnxTelegramFactory.swift */; };
		BFE550051CD284CD002A79C4 /* KnxBasics2Tests.swift in Sources */ = {isa = PBXBuildFile; fileRef = BFE54FF51CD27C25002A79C4 /* KnxBasics2Tests.swift */; };
		BFE900B021793D3400014D0F /* KnxDeviceAddress.swift in Sources */ = {isa = PBXBuildFile; fileRef = BFE900AF21793D3400014D0F /* KnxDeviceAddress.swift */; };
		BFE900B121793D3400014D0F /* KnxDeviceAddress.swift in Sources */ = {isa = PBXBuildFile; fileRef = BFE900AF21793D3400014D0F /* KnxDeviceAddress.swift */; };
		BFE900B221793D3400014D0F /* KnxDeviceAddress.swift in Sources */ = {isa = PBXBuildFile; fileRef = BFE900AF21793D3400014D0F /* KnxDeviceAddress.swift */; };
/* End PBXBuildFile section */

/* Begin PBXContainerItemProxy section */
		BF6652411CC7F066004158BB /* PBXContainerItemProxy */ = {
			isa = PBXContainerItemProxy;
			containerPortal = BF66522C1CC7F065004158BB /* Project object */;
			proxyType = 1;
			remoteGlobalIDString = BF6652341CC7F065004158BB;
			remoteInfo = KnxBasics2;
		};
/* End PBXContainerItemProxy section */

/* Begin PBXFileReference section */
		4A429BF0405B7FE4C77D2AF7 /* Pods_KnxBasics2Ios.framework */ = {isa = PBXFileReference; explicitFileType = wrapper.framework; includeInIndex = 0; path = Pods_KnxBasics2Ios.framework; sourceTree = BUILT_PRODUCTS_DIR; };
		4C57FEB8FCEAFB58900C56CD /* Pods-KnxBasics2Ios.release.xcconfig */ = {isa = PBXFileReference; includeInIndex = 1; lastKnownFileType = text.xcconfig; name = "Pods-KnxBasics2Ios.release.xcconfig"; path = "Pods/Target Support Files/Pods-KnxBasics2Ios/Pods-KnxBasics2Ios.release.xcconfig"; sourceTree = "<group>"; };
		5F56CA737BA366B7AEEF85F3 /* Pods-KnxBasics2.debug.xcconfig */ = {isa = PBXFileReference; includeInIndex = 1; lastKnownFileType = text.xcconfig; name = "Pods-KnxBasics2.debug.xcconfig"; path = "Pods/Target Support Files/Pods-KnxBasics2/Pods-KnxBasics2.debug.xcconfig"; sourceTree = "<group>"; };
		787B4B234BE2761552504889 /* Pods-KnxBasics2.release.xcconfig */ = {isa = PBXFileReference; includeInIndex = 1; lastKnownFileType = text.xcconfig; name = "Pods-KnxBasics2.release.xcconfig"; path = "Pods/Target Support Files/Pods-KnxBasics2/Pods-KnxBasics2.release.xcconfig"; sourceTree = "<group>"; };
		92C95B88379E0E0A01C9C97A /* Pods_KnxBasics2Tests.framework */ = {isa = PBXFileReference; explicitFileType = wrapper.framework; includeInIndex = 0; path = Pods_KnxBasics2Tests.framework; sourceTree = BUILT_PRODUCTS_DIR; };
		AA40C7BEA1D54A86D869C31E /* Pods.framework */ = {isa = PBXFileReference; explicitFileType = wrapper.framework; includeInIndex = 0; path = Pods.framework; sourceTree = BUILT_PRODUCTS_DIR; };
		BF6500E01EE30F5A003790F9 /* KnxNetIpHeader.swift */ = {isa = PBXFileReference; fileEncoding = 4; lastKnownFileType = sourcecode.swift; name = KnxNetIpHeader.swift; path = Source/KnxNetIpHeader.swift; sourceTree = SOURCE_ROOT; };
		BF6500E11EE30F5A003790F9 /* KnxIpDataLinkLayerFrame.swift */ = {isa = PBXFileReference; fileEncoding = 4; lastKnownFileType = sourcecode.swift; name = KnxIpDataLinkLayerFrame.swift; path = Source/KnxIpDataLinkLayerFrame.swift; sourceTree = SOURCE_ROOT; };
		BF6652351CC7F065004158BB /* KnxBasics2.framework */ = {isa = PBXFileReference; explicitFileType = wrapper.framework; includeInIndex = 0; path = KnxBasics2.framework; sourceTree = BUILT_PRODUCTS_DIR; };
		BF66523F1CC7F066004158BB /* KnxBasics2Tests.xctest */ = {isa = PBXFileReference; explicitFileType = wrapper.cfbundle; includeInIndex = 0; path = KnxBasics2Tests.xctest; sourceTree = BUILT_PRODUCTS_DIR; };
		BF6F3AED1EB12F7B00A4F89E /* KnxBasics2Ios.framework */ = {isa = PBXFileReference; explicitFileType = wrapper.framework; includeInIndex = 0; path = KnxBasics2Ios.framework; sourceTree = BUILT_PRODUCTS_DIR; };
		BF6F3AEF1EB12F7B00A4F89E /* KnxBasics2Ios.h */ = {isa = PBXFileReference; lastKnownFileType = sourcecode.c.h; path = KnxBasics2Ios.h; sourceTree = "<group>"; };
		BF6F3AF01EB12F7B00A4F89E /* Info.plist */ = {isa = PBXFileReference; lastKnownFileType = text.plist.xml; path = Info.plist; sourceTree = "<group>"; };
		BF81E6841ECC34E700C2D250 /* DataHexString.swift */ = {isa = PBXFileReference; fileEncoding = 4; lastKnownFileType = sourcecode.swift; name = DataHexString.swift; path = Source/DataHexString.swift; sourceTree = SOURCE_ROOT; };
		BF81E6851ECC34E700C2D250 /* DispatchQueueDoOnce.swift */ = {isa = PBXFileReference; fileEncoding = 4; lastKnownFileType = sourcecode.swift; name = DispatchQueueDoOnce.swift; path = Source/DispatchQueueDoOnce.swift; sourceTree = SOURCE_ROOT; };
		BF9ADC9D1CD6686900CA7C83 /* KnxTemperatureControl.swift */ = {isa = PBXFileReference; fileEncoding = 4; lastKnownFileType = sourcecode.swift; name = KnxTemperatureControl.swift; path = Source/KnxTemperatureControl.swift; sourceTree = SOURCE_ROOT; };
		BFD490E11CD66DFF00D76625 /* Temperature.playground */ = {isa = PBXFileReference; lastKnownFileType = file.playground; name = Temperature.playground; path = Playgrounds/Temperature.playground; sourceTree = "<group>"; xcLanguageSpecificationIdentifier = xcode.lang.swift; };
		BFD490E21CD66DFF00D76625 /* LightsDim.playground */ = {isa = PBXFileReference; lastKnownFileType = file.playground; name = LightsDim.playground; path = Playgrounds/LightsDim.playground; sourceTree = "<group>"; xcLanguageSpecificationIdentifier = xcode.lang.swift; };
		BFD490E31CD66DFF00D76625 /* LightsOnOff.playground */ = {isa = PBXFileReference; lastKnownFileType = file.playground; name = LightsOnOff.playground; path = Playgrounds/LightsOnOff.playground; sourceTree = "<group>"; xcLanguageSpecificationIdentifier = xcode.lang.swift; };
		BFD490E41CD66DFF00D76625 /* KnxRouterInterface.playground */ = {isa = PBXFileReference; lastKnownFileType = file.playground; name = KnxRouterInterface.playground; path = Playgrounds/KnxRouterInterface.playground; sourceTree = "<group>"; xcLanguageSpecificationIdentifier = xcode.lang.swift; };
		BFD490E51CD66DFF00D76625 /* GroupAddresses.playground */ = {isa = PBXFileReference; lastKnownFileType = file.playground; name = GroupAddresses.playground; path = Playgrounds/GroupAddresses.playground; sourceTree = "<group>"; xcLanguageSpecificationIdentifier = xcode.lang.swift; };
		BFD490E61CD66DFF00D76625 /* PlayingWithCocoaAsyncSocket.playground */ = {isa = PBXFileReference; lastKnownFileType = file.playground; name = PlayingWithCocoaAsyncSocket.playground; path = Playgrounds/PlayingWithCocoaAsyncSocket.playground; sourceTree = "<group>"; };
		BFD490E71CD66EAC00D76625 /* TestKnxTelegram.swift */ = {isa = PBXFileReference; fileEncoding = 4; lastKnownFileType = sourcecode.swift; name = TestKnxTelegram.swift; path = Tests/TestKnxTelegram.swift; sourceTree = SOURCE_ROOT; };
		BFD490EA1CD66EFE00D76625 /* KnxOnOffControl.swift */ = {isa = PBXFileReference; fileEncoding = 4; lastKnownFileType = sourcecode.swift; name = KnxOnOffControl.swift; path = Source/KnxOnOffControl.swift; sourceTree = SOURCE_ROOT; };
		BFD490EC1CD6721600D76625 /* Time.playground */ = {isa = PBXFileReference; lastKnownFileType = file.playground; name = Time.playground; path = Playgrounds/Time.playground; sourceTree = "<group>"; xcLanguageSpecificationIdentifier = xcode.lang.swift; };
		BFD491641CD93B8A00D76625 /* ConnectAndDisconnect.playground */ = {isa = PBXFileReference; lastKnownFileType = file.playground; name = ConnectAndDisconnect.playground; path = Playgrounds/ConnectAndDisconnect.playground; sourceTree = "<group>"; xcLanguageSpecificationIdentifier = xcode.lang.swift; };
		BFE54FD41CD2732F002A79C4 /* KnxGroupAddress.swift */ = {isa = PBXFileReference; fileEncoding = 4; lastKnownFileType = sourcecode.swift; name = KnxGroupAddress.swift; path = Source/KnxGroupAddress.swift; sourceTree = SOURCE_ROOT; };
		BFE54FD51CD2732F002A79C4 /* KnxDimmerControl.swift */ = {isa = PBXFileReference; fileEncoding = 4; lastKnownFileType = sourcecode.swift; name = KnxDimmerControl.swift; path = Source/KnxDimmerControl.swift; sourceTree = SOURCE_ROOT; };
		BFE54FD61CD2732F002A79C4 /* KnxException.swift */ = {isa = PBXFileReference; fileEncoding = 4; lastKnownFileType = sourcecode.swift; name = KnxException.swift; path = Source/KnxException.swift; sourceTree = SOURCE_ROOT; };
		BFE54FD71CD2732F002A79C4 /* KnxGroupAddressRegistry.swift */ = {isa = PBXFileReference; fileEncoding = 4; lastKnownFileType = sourcecode.swift; name = KnxGroupAddressRegistry.swift; path = Source/KnxGroupAddressRegistry.swift; sourceTree = SOURCE_ROOT; };
		BFE54FD81CD2732F002A79C4 /* KnxResponseHandlerDelegates.swift */ = {isa = PBXFileReference; fileEncoding = 4; lastKnownFileType = sourcecode.swift; name = KnxResponseHandlerDelegates.swift; path = Source/KnxResponseHandlerDelegates.swift; sourceTree = SOURCE_ROOT; };
		BFE54FD91CD2732F002A79C4 /* KnxRouterInterface.swift */ = {isa = PBXFileReference; fileEncoding = 4; lastKnownFileType = sourcecode.swift; name = KnxRouterInterface.swift; path = Source/KnxRouterInterface.swift; sourceTree = SOURCE_ROOT; };
		BFE54FDA1CD2732F002A79C4 /* KnxTelegram.swift */ = {isa = PBXFileReference; fileEncoding = 4; lastKnownFileType = sourcecode.swift; name = KnxTelegram.swift; path = Source/KnxTelegram.swift; sourceTree = SOURCE_ROOT; };
		BFE54FDB1CD2732F002A79C4 /* KnxTelegramFactory.swift */ = {isa = PBXFileReference; fileEncoding = 4; lastKnownFileType = sourcecode.swift; name = KnxTelegramFactory.swift; path = Source/KnxTelegramFactory.swift; sourceTree = SOURCE_ROOT; };
		BFE54FDC1CD2732F002A79C4 /* KnxTelegramResponseHandlerDelegate.swift */ = {isa = PBXFileReference; fileEncoding = 4; lastKnownFileType = sourcecode.swift; name = KnxTelegramResponseHandlerDelegate.swift; path = Source/KnxTelegramResponseHandlerDelegate.swift; sourceTree = SOURCE_ROOT; };
		BFE54FDD1CD2732F002A79C4 /* KnxBasics2.h */ = {isa = PBXFileReference; fileEncoding = 4; lastKnownFileType = sourcecode.c.h; name = KnxBasics2.h; path = Source/KnxBasics2.h; sourceTree = SOURCE_ROOT; };
		BFE54FDE1CD2732F002A79C4 /* Info.plist */ = {isa = PBXFileReference; fileEncoding = 4; lastKnownFileType = text.plist.xml; name = Info.plist; path = Source/Info.plist; sourceTree = SOURCE_ROOT; };
		BFE54FF41CD27C25002A79C4 /* TestKnxGroupAddressRegistry.swift */ = {isa = PBXFileReference; fileEncoding = 4; lastKnownFileType = sourcecode.swift; name = TestKnxGroupAddressRegistry.swift; path = Tests/TestKnxGroupAddressRegistry.swift; sourceTree = SOURCE_ROOT; };
		BFE54FF51CD27C25002A79C4 /* KnxBasics2Tests.swift */ = {isa = PBXFileReference; fileEncoding = 4; lastKnownFileType = sourcecode.swift; name = KnxBasics2Tests.swift; path = Tests/KnxBasics2Tests.swift; sourceTree = SOURCE_ROOT; };
		BFE54FF61CD27C25002A79C4 /* Info.plist */ = {isa = PBXFileReference; fileEncoding = 4; lastKnownFileType = text.plist.xml; name = Info.plist; path = Tests/Info.plist; sourceTree = SOURCE_ROOT; };
		BFE54FFD1CD27DBE002A79C4 /* Cocoa.framework */ = {isa = PBXFileReference; lastKnownFileType = wrapper.framework; name = Cocoa.framework; path = System/Library/Frameworks/Cocoa.framework; sourceTree = SDKROOT; };
		BFE550031CD282EC002A79C4 /* TestKnxTelegramFactory.swift */ = {isa = PBXFileReference; fileEncoding = 4; lastKnownFileType = sourcecode.swift; name = TestKnxTelegramFactory.swift; path = Tests/TestKnxTelegramFactory.swift; sourceTree = SOURCE_ROOT; };
		BFE900AF21793D3400014D0F /* KnxDeviceAddress.swift */ = {isa = PBXFileReference; lastKnownFileType = sourcecode.swift; name = KnxDeviceAddress.swift; path = Source/KnxDeviceAddress.swift; sourceTree = SOURCE_ROOT; };
		CB73442EA3207EEAC4C24721 /* Pods-KnxBasics2Ios.debug.xcconfig */ = {isa = PBXFileReference; includeInIndex = 1; lastKnownFileType = text.xcconfig; name = "Pods-KnxBasics2Ios.debug.xcconfig"; path = "Pods/Target Support Files/Pods-KnxBasics2Ios/Pods-KnxBasics2Ios.debug.xcconfig"; sourceTree = "<group>"; };
		CEAB61FEAD1BB8CAB2AFACE5 /* Pods-KnxBasics2Tests.release.xcconfig */ = {isa = PBXFileReference; includeInIndex = 1; lastKnownFileType = text.xcconfig; name = "Pods-KnxBasics2Tests.release.xcconfig"; path = "Pods/Target Support Files/Pods-KnxBasics2Tests/Pods-KnxBasics2Tests.release.xcconfig"; sourceTree = "<group>"; };
		ED72649DF879A631A6A7C0FA /* Pods_KnxBasics2.framework */ = {isa = PBXFileReference; explicitFileType = wrapper.framework; includeInIndex = 0; path = Pods_KnxBasics2.framework; sourceTree = BUILT_PRODUCTS_DIR; };
		EEA1F347E3085A819C1DDF8D /* Pods-KnxBasics2Tests.debug.xcconfig */ = {isa = PBXFileReference; includeInIndex = 1; lastKnownFileType = text.xcconfig; name = "Pods-KnxBasics2Tests.debug.xcconfig"; path = "Pods/Target Support Files/Pods-KnxBasics2Tests/Pods-KnxBasics2Tests.debug.xcconfig"; sourceTree = "<group>"; };
/* End PBXFileReference section */

/* Begin PBXFrameworksBuildPhase section */
		BF6652311CC7F065004158BB /* Frameworks */ = {
			isa = PBXFrameworksBuildPhase;
			buildActionMask = 2147483647;
			files = (
				94C75CBA379C573D0C44FC68 /* Pods_KnxBasics2.framework in Frameworks */,
			);
			runOnlyForDeploymentPostprocessing = 0;
		};
		BF66523C1CC7F066004158BB /* Frameworks */ = {
			isa = PBXFrameworksBuildPhase;
			buildActionMask = 2147483647;
			files = (
				BF6652401CC7F066004158BB /* KnxBasics2.framework in Frameworks */,
				1D95691F4AB8C1F52C221271 /* Pods_KnxBasics2Tests.framework in Frameworks */,
			);
			runOnlyForDeploymentPostprocessing = 0;
		};
		BF6F3AE91EB12F7B00A4F89E /* Frameworks */ = {
			isa = PBXFrameworksBuildPhase;
			buildActionMask = 2147483647;
			files = (
				48C824CD9BA90EED41F565DB /* Pods_KnxBasics2Ios.framework in Frameworks */,
			);
			runOnlyForDeploymentPostprocessing = 0;
		};
/* End PBXFrameworksBuildPhase section */

/* Begin PBXGroup section */
		607026A591C5AAD4ED115E75 /* Frameworks */ = {
			isa = PBXGroup;
			children = (
				BFE54FFD1CD27DBE002A79C4 /* Cocoa.framework */,
				AA40C7BEA1D54A86D869C31E /* Pods.framework */,
				ED72649DF879A631A6A7C0FA /* Pods_KnxBasics2.framework */,
				92C95B88379E0E0A01C9C97A /* Pods_KnxBasics2Tests.framework */,
				4A429BF0405B7FE4C77D2AF7 /* Pods_KnxBasics2Ios.framework */,
			);
			name = Frameworks;
			sourceTree = "<group>";
		};
		6917636D2FE02542073098F6 /* Pods */ = {
			isa = PBXGroup;
			children = (
				5F56CA737BA366B7AEEF85F3 /* Pods-KnxBasics2.debug.xcconfig */,
				787B4B234BE2761552504889 /* Pods-KnxBasics2.release.xcconfig */,
				EEA1F347E3085A819C1DDF8D /* Pods-KnxBasics2Tests.debug.xcconfig */,
				CEAB61FEAD1BB8CAB2AFACE5 /* Pods-KnxBasics2Tests.release.xcconfig */,
				CB73442EA3207EEAC4C24721 /* Pods-KnxBasics2Ios.debug.xcconfig */,
				4C57FEB8FCEAFB58900C56CD /* Pods-KnxBasics2Ios.release.xcconfig */,
			);
			name = Pods;
			sourceTree = "<group>";
		};
		BF66522B1CC7F065004158BB = {
			isa = PBXGroup;
			children = (
				BFD490E01CD66DD300D76625 /* Playgrounds */,
				BF6652371CC7F065004158BB /* KnxBasics2 */,
				BF6652431CC7F066004158BB /* KnxBasics2Tests */,
				BF6F3AEE1EB12F7B00A4F89E /* KnxBasics2Ios */,
				BF6652361CC7F065004158BB /* Products */,
				607026A591C5AAD4ED115E75 /* Frameworks */,
				6917636D2FE02542073098F6 /* Pods */,
			);
			sourceTree = "<group>";
		};
		BF6652361CC7F065004158BB /* Products */ = {
			isa = PBXGroup;
			children = (
				BF6652351CC7F065004158BB /* KnxBasics2.framework */,
				BF66523F1CC7F066004158BB /* KnxBasics2Tests.xctest */,
				BF6F3AED1EB12F7B00A4F89E /* KnxBasics2Ios.framework */,
			);
			name = Products;
			sourceTree = "<group>";
		};
		BF6652371CC7F065004158BB /* KnxBasics2 */ = {
			isa = PBXGroup;
			children = (
				BFE550001CD281DC002A79C4 /* Source */,
				BFE54FDD1CD2732F002A79C4 /* KnxBasics2.h */,
				BFE54FDE1CD2732F002A79C4 /* Info.plist */,
			);
			path = KnxBasics2;
			sourceTree = "<group>";
		};
		BF6652431CC7F066004158BB /* KnxBasics2Tests */ = {
			isa = PBXGroup;
			children = (
				BFD490E71CD66EAC00D76625 /* TestKnxTelegram.swift */,
				BFE550031CD282EC002A79C4 /* TestKnxTelegramFactory.swift */,
				BFE54FF41CD27C25002A79C4 /* TestKnxGroupAddressRegistry.swift */,
				BFE54FF51CD27C25002A79C4 /* KnxBasics2Tests.swift */,
				BFE54FF61CD27C25002A79C4 /* Info.plist */,
			);
			path = KnxBasics2Tests;
			sourceTree = "<group>";
		};
		BF6F3AEE1EB12F7B00A4F89E /* KnxBasics2Ios */ = {
			isa = PBXGroup;
			children = (
				BF6F3AEF1EB12F7B00A4F89E /* KnxBasics2Ios.h */,
				BF6F3AF01EB12F7B00A4F89E /* Info.plist */,
			);
			path = KnxBasics2Ios;
			sourceTree = "<group>";
		};
		BFD490E01CD66DD300D76625 /* Playgrounds */ = {
			isa = PBXGroup;
			children = (
				BFD490EC1CD6721600D76625 /* Time.playground */,
				BFD490E11CD66DFF00D76625 /* Temperature.playground */,
				BFD490E21CD66DFF00D76625 /* LightsDim.playground */,
				BFD490E31CD66DFF00D76625 /* LightsOnOff.playground */,
				BFD490E51CD66DFF00D76625 /* GroupAddresses.playground */,
				BFD490E41CD66DFF00D76625 /* KnxRouterInterface.playground */,
				BFD490E61CD66DFF00D76625 /* PlayingWithCocoaAsyncSocket.playground */,
				BFD491641CD93B8A00D76625 /* ConnectAndDisconnect.playground */,
			);
			name = Playgrounds;
			sourceTree = "<group>";
		};
		BFE550001CD281DC002A79C4 /* Source */ = {
			isa = PBXGroup;
			children = (
				BF6500E01EE30F5A003790F9 /* KnxNetIpHeader.swift */,
				BF6500E11EE30F5A003790F9 /* KnxIpDataLinkLayerFrame.swift */,
				BF81E6841ECC34E700C2D250 /* DataHexString.swift */,
				BF81E6851ECC34E700C2D250 /* DispatchQueueDoOnce.swift */,
				BFD490EA1CD66EFE00D76625 /* KnxOnOffControl.swift */,
				BFE54FD41CD2732F002A79C4 /* KnxGroupAddress.swift */,
				BFE900AF21793D3400014D0F /* KnxDeviceAddress.swift */,
				BFE54FD51CD2732F002A79C4 /* KnxDimmerControl.swift */,
				BFE54FD61CD2732F002A79C4 /* KnxException.swift */,
				BFE54FD71CD2732F002A79C4 /* KnxGroupAddressRegistry.swift */,
				BFE54FD81CD2732F002A79C4 /* KnxResponseHandlerDelegates.swift */,
				BFE54FD91CD2732F002A79C4 /* KnxRouterInterface.swift */,
				BFE54FDA1CD2732F002A79C4 /* KnxTelegram.swift */,
				BFE54FDB1CD2732F002A79C4 /* KnxTelegramFactory.swift */,
				BFE54FDC1CD2732F002A79C4 /* KnxTelegramResponseHandlerDelegate.swift */,
				BF9ADC9D1CD6686900CA7C83 /* KnxTemperatureControl.swift */,
			);
			name = Source;
			sourceTree = "<group>";
		};
/* End PBXGroup section */

/* Begin PBXHeadersBuildPhase section */
		BF6652321CC7F065004158BB /* Headers */ = {
			isa = PBXHeadersBuildPhase;
			buildActionMask = 2147483647;
			files = (
			);
			runOnlyForDeploymentPostprocessing = 0;
		};
		BF6F3AEA1EB12F7B00A4F89E /* Headers */ = {
			isa = PBXHeadersBuildPhase;
			buildActionMask = 2147483647;
			files = (
				BF6F3AF11EB12F7B00A4F89E /* KnxBasics2Ios.h in Headers */,
			);
			runOnlyForDeploymentPostprocessing = 0;
		};
/* End PBXHeadersBuildPhase section */

/* Begin PBXNativeTarget section */
		BF6652341CC7F065004158BB /* KnxBasics2 */ = {
			isa = PBXNativeTarget;
			buildConfigurationList = BF6652491CC7F066004158BB /* Build configuration list for PBXNativeTarget "KnxBasics2" */;
			buildPhases = (
				8D1C90AE89B4A6DAEA7A801F /* [CP] Check Pods Manifest.lock */,
				BF6652301CC7F065004158BB /* Sources */,
				BF6652311CC7F065004158BB /* Frameworks */,
				BF6652321CC7F065004158BB /* Headers */,
				BF6652331CC7F065004158BB /* Resources */,
			);
			buildRules = (
			);
			dependencies = (
			);
			name = KnxBasics2;
			productName = KnxBasics2;
			productReference = BF6652351CC7F065004158BB /* KnxBasics2.framework */;
			productType = "com.apple.product-type.framework";
		};
		BF66523E1CC7F066004158BB /* KnxBasics2Tests */ = {
			isa = PBXNativeTarget;
			buildConfigurationList = BF66524C1CC7F066004158BB /* Build configuration list for PBXNativeTarget "KnxBasics2Tests" */;
			buildPhases = (
				EDA35A3FF1B1C2859B0B14BE /* [CP] Check Pods Manifest.lock */,
				BF66523B1CC7F066004158BB /* Sources */,
				BF66523C1CC7F066004158BB /* Frameworks */,
				BF66523D1CC7F066004158BB /* Resources */,
				18854C9EAFCFDD3786687324 /* [CP] Embed Pods Frameworks */,
			);
			buildRules = (
			);
			dependencies = (
				BF6652421CC7F066004158BB /* PBXTargetDependency */,
			);
			name = KnxBasics2Tests;
			productName = KnxBasics2Tests;
			productReference = BF66523F1CC7F066004158BB /* KnxBasics2Tests.xctest */;
			productType = "com.apple.product-type.bundle.unit-test";
		};
		BF6F3AEC1EB12F7B00A4F89E /* KnxBasics2Ios */ = {
			isa = PBXNativeTarget;
			buildConfigurationList = BF6F3AF41EB12F7B00A4F89E /* Build configuration list for PBXNativeTarget "KnxBasics2Ios" */;
			buildPhases = (
				025AE8C3BF73C0B320998793 /* [CP] Check Pods Manifest.lock */,
				BF6F3AE81EB12F7B00A4F89E /* Sources */,
				BF6F3AE91EB12F7B00A4F89E /* Frameworks */,
				BF6F3AEA1EB12F7B00A4F89E /* Headers */,
				BF6F3AEB1EB12F7B00A4F89E /* Resources */,
			);
			buildRules = (
			);
			dependencies = (
			);
			name = KnxBasics2Ios;
			productName = KnxBasics2Ios;
			productReference = BF6F3AED1EB12F7B00A4F89E /* KnxBasics2Ios.framework */;
			productType = "com.apple.product-type.framework";
		};
/* End PBXNativeTarget section */

/* Begin PBXProject section */
		BF66522C1CC7F065004158BB /* Project object */ = {
			isa = PBXProject;
			attributes = {
				LastSwiftUpdateCheck = 0730;
				LastUpgradeCheck = 1000;
				ORGANIZATIONNAME = "Trond Kjeldås";
				TargetAttributes = {
					BF6652341CC7F065004158BB = {
						CreatedOnToolsVersion = 7.3;
						DevelopmentTeam = 3CV29VNQFD;
						LastSwiftMigration = 0810;
						ProvisioningStyle = Automatic;
					};
					BF66523E1CC7F066004158BB = {
						CreatedOnToolsVersion = 7.3;
						DevelopmentTeam = 3CV29VNQFD;
						LastSwiftMigration = 0810;
						ProvisioningStyle = Automatic;
					};
					BF6F3AEC1EB12F7B00A4F89E = {
						CreatedOnToolsVersion = 8.3.2;
						DevelopmentTeam = 3CV29VNQFD;
						LastSwiftMigration = 1000;
						ProvisioningStyle = Automatic;
					};
				};
			};
			buildConfigurationList = BF66522F1CC7F065004158BB /* Build configuration list for PBXProject "KnxBasics2" */;
			compatibilityVersion = "Xcode 3.2";
			developmentRegion = English;
			hasScannedForEncodings = 0;
			knownRegions = (
				en,
			);
			mainGroup = BF66522B1CC7F065004158BB;
			productRefGroup = BF6652361CC7F065004158BB /* Products */;
			projectDirPath = "";
			projectRoot = "";
			targets = (
				BF6652341CC7F065004158BB /* KnxBasics2 */,
				BF66523E1CC7F066004158BB /* KnxBasics2Tests */,
				BF6F3AEC1EB12F7B00A4F89E /* KnxBasics2Ios */,
			);
		};
/* End PBXProject section */

/* Begin PBXResourcesBuildPhase section */
		BF6652331CC7F065004158BB /* Resources */ = {
			isa = PBXResourcesBuildPhase;
			buildActionMask = 2147483647;
			files = (
			);
			runOnlyForDeploymentPostprocessing = 0;
		};
		BF66523D1CC7F066004158BB /* Resources */ = {
			isa = PBXResourcesBuildPhase;
			buildActionMask = 2147483647;
			files = (
			);
			runOnlyForDeploymentPostprocessing = 0;
		};
		BF6F3AEB1EB12F7B00A4F89E /* Resources */ = {
			isa = PBXResourcesBuildPhase;
			buildActionMask = 2147483647;
			files = (
			);
			runOnlyForDeploymentPostprocessing = 0;
		};
/* End PBXResourcesBuildPhase section */

/* Begin PBXShellScriptBuildPhase section */
		025AE8C3BF73C0B320998793 /* [CP] Check Pods Manifest.lock */ = {
			isa = PBXShellScriptBuildPhase;
			buildActionMask = 2147483647;
			files = (
			);
			inputPaths = (
				"${PODS_PODFILE_DIR_PATH}/Podfile.lock",
				"${PODS_ROOT}/Manifest.lock",
			);
			name = "[CP] Check Pods Manifest.lock";
			outputPaths = (
				"$(DERIVED_FILE_DIR)/Pods-KnxBasics2Ios-checkManifestLockResult.txt",
			);
			runOnlyForDeploymentPostprocessing = 0;
			shellPath = /bin/sh;
			shellScript = "diff \"${PODS_PODFILE_DIR_PATH}/Podfile.lock\" \"${PODS_ROOT}/Manifest.lock\" > /dev/null\nif [ $? != 0 ] ; then\n    # print error to STDERR\n    echo \"error: The sandbox is not in sync with the Podfile.lock. Run 'pod install' or update your CocoaPods installation.\" >&2\n    exit 1\nfi\n# This output is used by Xcode 'outputs' to avoid re-running this script phase.\necho \"SUCCESS\" > \"${SCRIPT_OUTPUT_FILE_0}\"\n";
			showEnvVarsInLog = 0;
		};
		18854C9EAFCFDD3786687324 /* [CP] Embed Pods Frameworks */ = {
			isa = PBXShellScriptBuildPhase;
			buildActionMask = 2147483647;
			files = (
			);
			inputPaths = (
				"${SRCROOT}/Pods/Target Support Files/Pods-KnxBasics2Tests/Pods-KnxBasics2Tests-frameworks.sh",
				"${BUILT_PRODUCTS_DIR}/CocoaAsyncSocket-macOS/CocoaAsyncSocket.framework",
				"${BUILT_PRODUCTS_DIR}/SwiftyBeaver-macOS/SwiftyBeaver.framework",
			);
			name = "[CP] Embed Pods Frameworks";
			outputPaths = (
				"${TARGET_BUILD_DIR}/${FRAMEWORKS_FOLDER_PATH}/CocoaAsyncSocket.framework",
				"${TARGET_BUILD_DIR}/${FRAMEWORKS_FOLDER_PATH}/SwiftyBeaver.framework",
			);
			runOnlyForDeploymentPostprocessing = 0;
			shellPath = /bin/sh;
			shellScript = "\"${SRCROOT}/Pods/Target Support Files/Pods-KnxBasics2Tests/Pods-KnxBasics2Tests-frameworks.sh\"\n";
			showEnvVarsInLog = 0;
		};
		8D1C90AE89B4A6DAEA7A801F /* [CP] Check Pods Manifest.lock */ = {
			isa = PBXShellScriptBuildPhase;
			buildActionMask = 2147483647;
			files = (
			);
			inputPaths = (
				"${PODS_PODFILE_DIR_PATH}/Podfile.lock",
				"${PODS_ROOT}/Manifest.lock",
			);
			name = "[CP] Check Pods Manifest.lock";
			outputPaths = (
				"$(DERIVED_FILE_DIR)/Pods-KnxBasics2-checkManifestLockResult.txt",
			);
			runOnlyForDeploymentPostprocessing = 0;
			shellPath = /bin/sh;
			shellScript = "diff \"${PODS_PODFILE_DIR_PATH}/Podfile.lock\" \"${PODS_ROOT}/Manifest.lock\" > /dev/null\nif [ $? != 0 ] ; then\n    # print error to STDERR\n    echo \"error: The sandbox is not in sync with the Podfile.lock. Run 'pod install' or update your CocoaPods installation.\" >&2\n    exit 1\nfi\n# This output is used by Xcode 'outputs' to avoid re-running this script phase.\necho \"SUCCESS\" > \"${SCRIPT_OUTPUT_FILE_0}\"\n";
			showEnvVarsInLog = 0;
		};
		EDA35A3FF1B1C2859B0B14BE /* [CP] Check Pods Manifest.lock */ = {
			isa = PBXShellScriptBuildPhase;
			buildActionMask = 2147483647;
			files = (
			);
			inputPaths = (
				"${PODS_PODFILE_DIR_PATH}/Podfile.lock",
				"${PODS_ROOT}/Manifest.lock",
			);
			name = "[CP] Check Pods Manifest.lock";
			outputPaths = (
				"$(DERIVED_FILE_DIR)/Pods-KnxBasics2Tests-checkManifestLockResult.txt",
			);
			runOnlyForDeploymentPostprocessing = 0;
			shellPath = /bin/sh;
			shellScript = "diff \"${PODS_PODFILE_DIR_PATH}/Podfile.lock\" \"${PODS_ROOT}/Manifest.lock\" > /dev/null\nif [ $? != 0 ] ; then\n    # print error to STDERR\n    echo \"error: The sandbox is not in sync with the Podfile.lock. Run 'pod install' or update your CocoaPods installation.\" >&2\n    exit 1\nfi\n# This output is used by Xcode 'outputs' to avoid re-running this script phase.\necho \"SUCCESS\" > \"${SCRIPT_OUTPUT_FILE_0}\"\n";
			showEnvVarsInLog = 0;
		};
/* End PBXShellScriptBuildPhase section */

/* Begin PBXSourcesBuildPhase section */
		BF6652301CC7F065004158BB /* Sources */ = {
			isa = PBXSourcesBuildPhase;
			buildActionMask = 2147483647;
			files = (
				BF81E6861ECC34E700C2D250 /* DataHexString.swift in Sources */,
				BFE54FEF1CD2732F002A79C4 /* KnxTelegramResponseHandlerDelegate.swift in Sources */,
				BFE54FE91CD2732F002A79C4 /* KnxRouterInterface.swift in Sources */,
				BF9ADC9E1CD6686900CA7C83 /* KnxTemperatureControl.swift in Sources */,
				BFE54FEB1CD2732F002A79C4 /* KnxTelegram.swift in Sources */,
				BFE54FDF1CD2732F002A79C4 /* KnxGroupAddress.swift in Sources */,
				BF81E6871ECC34E700C2D250 /* DispatchQueueDoOnce.swift in Sources */,
				BFD490EB1CD66EFE00D76625 /* KnxOnOffControl.swift in Sources */,
				BFE900B021793D3400014D0F /* KnxDeviceAddress.swift in Sources */,
				BFE54FE71CD2732F002A79C4 /* KnxResponseHandlerDelegates.swift in Sources */,
				BFE54FE51CD2732F002A79C4 /* KnxGroupAddressRegistry.swift in Sources */,
				BF6500E31EE30F5A003790F9 /* KnxIpDataLinkLayerFrame.swift in Sources */,
				BFE54FED1CD2732F002A79C4 /* KnxTelegramFactory.swift in Sources */,
				BF6500E21EE30F5A003790F9 /* KnxNetIpHeader.swift in Sources */,
				BFE54FE11CD2732F002A79C4 /* KnxDimmerControl.swift in Sources */,
				BFE54FE31CD2732F002A79C4 /* KnxException.swift in Sources */,
			);
			runOnlyForDeploymentPostprocessing = 0;
		};
		BF66523B1CC7F066004158BB /* Sources */ = {
			isa = PBXSourcesBuildPhase;
			buildActionMask = 2147483647;
			files = (
				BFE900B121793D3400014D0F /* KnxDeviceAddress.swift in Sources */,
				BFD490E91CD66EC600D76625 /* TestKnxTelegram.swift in Sources */,
				BFE550051CD284CD002A79C4 /* KnxBasics2Tests.swift in Sources */,
				BFE54FF81CD27C25002A79C4 /* TestKnxGroupAddressRegistry.swift in Sources */,
				BFE550041CD282EC002A79C4 /* TestKnxTelegramFactory.swift in Sources */,
			);
			runOnlyForDeploymentPostprocessing = 0;
		};
		BF6F3AE81EB12F7B00A4F89E /* Sources */ = {
			isa = PBXSourcesBuildPhase;
			buildActionMask = 2147483647;
			files = (
				BFE900B221793D3400014D0F /* KnxDeviceAddress.swift in Sources */,
			);
			runOnlyForDeploymentPostprocessing = 0;
		};
/* End PBXSourcesBuildPhase section */

/* Begin PBXTargetDependency section */
		BF6652421CC7F066004158BB /* PBXTargetDependency */ = {
			isa = PBXTargetDependency;
			target = BF6652341CC7F065004158BB /* KnxBasics2 */;
			targetProxy = BF6652411CC7F066004158BB /* PBXContainerItemProxy */;
		};
/* End PBXTargetDependency section */

/* Begin XCBuildConfiguration section */
		BF6652471CC7F066004158BB /* Debug */ = {
			isa = XCBuildConfiguration;
			buildSettings = {
				ALWAYS_SEARCH_USER_PATHS = NO;
				CLANG_ANALYZER_NONNULL = YES;
				CLANG_CXX_LANGUAGE_STANDARD = "gnu++0x";
				CLANG_CXX_LIBRARY = "libc++";
				CLANG_ENABLE_MODULES = YES;
				CLANG_ENABLE_OBJC_ARC = YES;
				CLANG_WARN_BLOCK_CAPTURE_AUTORELEASING = YES;
				CLANG_WARN_BOOL_CONVERSION = YES;
				CLANG_WARN_COMMA = YES;
				CLANG_WARN_CONSTANT_CONVERSION = YES;
				CLANG_WARN_DEPRECATED_OBJC_IMPLEMENTATIONS = YES;
				CLANG_WARN_DIRECT_OBJC_ISA_USAGE = YES_ERROR;
				CLANG_WARN_EMPTY_BODY = YES;
				CLANG_WARN_ENUM_CONVERSION = YES;
				CLANG_WARN_INFINITE_RECURSION = YES;
				CLANG_WARN_INT_CONVERSION = YES;
				CLANG_WARN_NON_LITERAL_NULL_CONVERSION = YES;
				CLANG_WARN_OBJC_IMPLICIT_RETAIN_SELF = YES;
				CLANG_WARN_OBJC_LITERAL_CONVERSION = YES;
				CLANG_WARN_OBJC_ROOT_CLASS = YES_ERROR;
				CLANG_WARN_RANGE_LOOP_ANALYSIS = YES;
				CLANG_WARN_STRICT_PROTOTYPES = YES;
				CLANG_WARN_SUSPICIOUS_MOVE = YES;
				CLANG_WARN_UNREACHABLE_CODE = YES;
				CLANG_WARN__DUPLICATE_METHOD_MATCH = YES;
				CODE_SIGN_IDENTITY = "-";
				COPY_PHASE_STRIP = NO;
				CURRENT_PROJECT_VERSION = 1;
				DEBUG_INFORMATION_FORMAT = dwarf;
				ENABLE_STRICT_OBJC_MSGSEND = YES;
				ENABLE_TESTABILITY = YES;
				GCC_C_LANGUAGE_STANDARD = gnu99;
				GCC_DYNAMIC_NO_PIC = NO;
				GCC_NO_COMMON_BLOCKS = YES;
				GCC_OPTIMIZATION_LEVEL = 0;
				GCC_PREPROCESSOR_DEFINITIONS = (
					"DEBUG=1",
					"$(inherited)",
				);
				GCC_WARN_64_TO_32_BIT_CONVERSION = YES;
				GCC_WARN_ABOUT_RETURN_TYPE = YES_ERROR;
				GCC_WARN_UNDECLARED_SELECTOR = YES;
				GCC_WARN_UNINITIALIZED_AUTOS = YES_AGGRESSIVE;
				GCC_WARN_UNUSED_FUNCTION = YES;
				GCC_WARN_UNUSED_VARIABLE = YES;
				MACOSX_DEPLOYMENT_TARGET = 10.12;
				MTL_ENABLE_DEBUG_INFO = YES;
				ONLY_ACTIVE_ARCH = YES;
				SDKROOT = macosx;
				SWIFT_OPTIMIZATION_LEVEL = "-Onone";
				VERSIONING_SYSTEM = "apple-generic";
				VERSION_INFO_PREFIX = "";
			};
			name = Debug;
		};
		BF6652481CC7F066004158BB /* Release */ = {
			isa = XCBuildConfiguration;
			buildSettings = {
				ALWAYS_SEARCH_USER_PATHS = NO;
				CLANG_ANALYZER_NONNULL = YES;
				CLANG_CXX_LANGUAGE_STANDARD = "gnu++0x";
				CLANG_CXX_LIBRARY = "libc++";
				CLANG_ENABLE_MODULES = YES;
				CLANG_ENABLE_OBJC_ARC = YES;
				CLANG_WARN_BLOCK_CAPTURE_AUTORELEASING = YES;
				CLANG_WARN_BOOL_CONVERSION = YES;
				CLANG_WARN_COMMA = YES;
				CLANG_WARN_CONSTANT_CONVERSION = YES;
				CLANG_WARN_DEPRECATED_OBJC_IMPLEMENTATIONS = YES;
				CLANG_WARN_DIRECT_OBJC_ISA_USAGE = YES_ERROR;
				CLANG_WARN_EMPTY_BODY = YES;
				CLANG_WARN_ENUM_CONVERSION = YES;
				CLANG_WARN_INFINITE_RECURSION = YES;
				CLANG_WARN_INT_CONVERSION = YES;
				CLANG_WARN_NON_LITERAL_NULL_CONVERSION = YES;
				CLANG_WARN_OBJC_IMPLICIT_RETAIN_SELF = YES;
				CLANG_WARN_OBJC_LITERAL_CONVERSION = YES;
				CLANG_WARN_OBJC_ROOT_CLASS = YES_ERROR;
				CLANG_WARN_RANGE_LOOP_ANALYSIS = YES;
				CLANG_WARN_STRICT_PROTOTYPES = YES;
				CLANG_WARN_SUSPICIOUS_MOVE = YES;
				CLANG_WARN_UNREACHABLE_CODE = YES;
				CLANG_WARN__DUPLICATE_METHOD_MATCH = YES;
				CODE_SIGN_IDENTITY = "-";
				COPY_PHASE_STRIP = NO;
				CURRENT_PROJECT_VERSION = 1;
				DEBUG_INFORMATION_FORMAT = "dwarf-with-dsym";
				ENABLE_NS_ASSERTIONS = NO;
				ENABLE_STRICT_OBJC_MSGSEND = YES;
				GCC_C_LANGUAGE_STANDARD = gnu99;
				GCC_NO_COMMON_BLOCKS = YES;
				GCC_WARN_64_TO_32_BIT_CONVERSION = YES;
				GCC_WARN_ABOUT_RETURN_TYPE = YES_ERROR;
				GCC_WARN_UNDECLARED_SELECTOR = YES;
				GCC_WARN_UNINITIALIZED_AUTOS = YES_AGGRESSIVE;
				GCC_WARN_UNUSED_FUNCTION = YES;
				GCC_WARN_UNUSED_VARIABLE = YES;
				MACOSX_DEPLOYMENT_TARGET = 10.12;
				MTL_ENABLE_DEBUG_INFO = NO;
				SDKROOT = macosx;
				SWIFT_OPTIMIZATION_LEVEL = "-Owholemodule";
				VERSIONING_SYSTEM = "apple-generic";
				VERSION_INFO_PREFIX = "";
			};
			name = Release;
		};
		BF66524A1CC7F066004158BB /* Debug */ = {
			isa = XCBuildConfiguration;
			baseConfigurationReference = 5F56CA737BA366B7AEEF85F3 /* Pods-KnxBasics2.debug.xcconfig */;
			buildSettings = {
				ALWAYS_EMBED_SWIFT_STANDARD_LIBRARIES = YES;
				CLANG_ENABLE_MODULES = YES;
				CODE_SIGN_IDENTITY = "Mac Developer";
				CODE_SIGN_STYLE = Automatic;
				COMBINE_HIDPI_IMAGES = YES;
				DEFINES_MODULE = YES;
				DEVELOPMENT_TEAM = 3CV29VNQFD;
				DYLIB_COMPATIBILITY_VERSION = 1;
				DYLIB_CURRENT_VERSION = 1;
				DYLIB_INSTALL_NAME_BASE = "@rpath";
				FRAMEWORK_VERSION = A;
				HEADER_SEARCH_PATHS = Source;
				INFOPLIST_FILE = "$(SRCROOT)/Source/Info.plist";
				INSTALL_PATH = "$(LOCAL_LIBRARY_DIR)/Frameworks";
				LD_RUNPATH_SEARCH_PATHS = "$(inherited) @executable_path/../Frameworks @loader_path/Frameworks";
				PRODUCT_BUNDLE_IDENTIFIER = Systemsoft.KnxBasics2;
				PRODUCT_NAME = "$(TARGET_NAME)";
				PROVISIONING_PROFILE_SPECIFIER = "";
				SKIP_INSTALL = YES;
				SWIFT_INCLUDE_PATHS = Source;
				SWIFT_OBJC_BRIDGING_HEADER = "";
				SWIFT_OPTIMIZATION_LEVEL = "-Onone";
				SWIFT_VERSION = 4.2;
			};
			name = Debug;
		};
		BF66524B1CC7F066004158BB /* Release */ = {
			isa = XCBuildConfiguration;
			baseConfigurationReference = 787B4B234BE2761552504889 /* Pods-KnxBasics2.release.xcconfig */;
			buildSettings = {
				ALWAYS_EMBED_SWIFT_STANDARD_LIBRARIES = YES;
				CLANG_ENABLE_MODULES = YES;
				CODE_SIGN_IDENTITY = "Mac Developer";
				CODE_SIGN_STYLE = Automatic;
				COMBINE_HIDPI_IMAGES = YES;
				DEFINES_MODULE = YES;
				DEVELOPMENT_TEAM = 3CV29VNQFD;
				DYLIB_COMPATIBILITY_VERSION = 1;
				DYLIB_CURRENT_VERSION = 1;
				DYLIB_INSTALL_NAME_BASE = "@rpath";
				FRAMEWORK_VERSION = A;
				HEADER_SEARCH_PATHS = Source;
				INFOPLIST_FILE = "$(SRCROOT)/Source/Info.plist";
				INSTALL_PATH = "$(LOCAL_LIBRARY_DIR)/Frameworks";
				LD_RUNPATH_SEARCH_PATHS = "$(inherited) @executable_path/../Frameworks @loader_path/Frameworks";
				PRODUCT_BUNDLE_IDENTIFIER = Systemsoft.KnxBasics2;
				PRODUCT_NAME = "$(TARGET_NAME)";
				PROVISIONING_PROFILE_SPECIFIER = "";
				SKIP_INSTALL = YES;
				SWIFT_INCLUDE_PATHS = Source;
				SWIFT_OBJC_BRIDGING_HEADER = "";
				SWIFT_VERSION = 4.2;
			};
			name = Release;
		};
		BF66524D1CC7F066004158BB /* Debug */ = {
			isa = XCBuildConfiguration;
			baseConfigurationReference = EEA1F347E3085A819C1DDF8D /* Pods-KnxBasics2Tests.debug.xcconfig */;
			buildSettings = {
				CODE_SIGN_IDENTITY = "Mac Developer";
				CODE_SIGN_STYLE = Automatic;
				COMBINE_HIDPI_IMAGES = YES;
				DEVELOPMENT_TEAM = 3CV29VNQFD;
				INFOPLIST_FILE = Tests/Info.plist;
				LD_RUNPATH_SEARCH_PATHS = "$(inherited) @executable_path/../Frameworks @loader_path/../Frameworks";
				PRODUCT_BUNDLE_IDENTIFIER = Systemsoft.KnxBasics2Tests;
				PRODUCT_NAME = "$(TARGET_NAME)";
				PROVISIONING_PROFILE_SPECIFIER = "";
				SWIFT_VERSION = 4.2;
			};
			name = Debug;
		};
		BF66524E1CC7F066004158BB /* Release */ = {
			isa = XCBuildConfiguration;
			baseConfigurationReference = CEAB61FEAD1BB8CAB2AFACE5 /* Pods-KnxBasics2Tests.release.xcconfig */;
			buildSettings = {
				CODE_SIGN_IDENTITY = "Mac Developer";
				CODE_SIGN_STYLE = Automatic;
				COMBINE_HIDPI_IMAGES = YES;
				DEVELOPMENT_TEAM = 3CV29VNQFD;
				INFOPLIST_FILE = Tests/Info.plist;
				LD_RUNPATH_SEARCH_PATHS = "$(inherited) @executable_path/../Frameworks @loader_path/../Frameworks";
				PRODUCT_BUNDLE_IDENTIFIER = Systemsoft.KnxBasics2Tests;
				PRODUCT_NAME = "$(TARGET_NAME)";
				PROVISIONING_PROFILE_SPECIFIER = "";
				SWIFT_VERSION = 4.2;
			};
			name = Release;
		};
		BF6F3AF21EB12F7B00A4F89E /* Debug */ = {
			isa = XCBuildConfiguration;
			baseConfigurationReference = CB73442EA3207EEAC4C24721 /* Pods-KnxBasics2Ios.debug.xcconfig */;
			buildSettings = {
				CLANG_ANALYZER_NUMBER_OBJECT_CONVERSION = YES_AGGRESSIVE;
				CLANG_ENABLE_MODULES = YES;
				CLANG_WARN_DOCUMENTATION_COMMENTS = YES;
				CODE_SIGN_IDENTITY = "iPhone Developer";
				"CODE_SIGN_IDENTITY[sdk=iphoneos*]" = "iPhone Developer";
				DEFINES_MODULE = YES;
				DEVELOPMENT_TEAM = 3CV29VNQFD;
				DYLIB_COMPATIBILITY_VERSION = 1;
				DYLIB_CURRENT_VERSION = 1;
				DYLIB_INSTALL_NAME_BASE = "@rpath";
				INFOPLIST_FILE = KnxBasics2Ios/Info.plist;
				INSTALL_PATH = "$(LOCAL_LIBRARY_DIR)/Frameworks";
				IPHONEOS_DEPLOYMENT_TARGET = 12.0;
				LD_RUNPATH_SEARCH_PATHS = "$(inherited) @executable_path/Frameworks @loader_path/Frameworks";
				PRODUCT_BUNDLE_IDENTIFIER = Systemsoft.KnxBasics2Ios;
				PRODUCT_NAME = "$(TARGET_NAME)";
				SDKROOT = iphoneos;
				SKIP_INSTALL = YES;
				SWIFT_ACTIVE_COMPILATION_CONDITIONS = DEBUG;
				SWIFT_OPTIMIZATION_LEVEL = "-Onone";
				SWIFT_VERSION = 4.2;
				TARGETED_DEVICE_FAMILY = "1,2";
			};
			name = Debug;
		};
		BF6F3AF31EB12F7B00A4F89E /* Release */ = {
			isa = XCBuildConfiguration;
			baseConfigurationReference = 4C57FEB8FCEAFB58900C56CD /* Pods-KnxBasics2Ios.release.xcconfig */;
			buildSettings = {
				CLANG_ANALYZER_NUMBER_OBJECT_CONVERSION = YES_AGGRESSIVE;
				CLANG_ENABLE_MODULES = YES;
				CLANG_WARN_DOCUMENTATION_COMMENTS = YES;
				CODE_SIGN_IDENTITY = "";
				"CODE_SIGN_IDENTITY[sdk=iphoneos*]" = "iPhone Developer";
				DEFINES_MODULE = YES;
				DEVELOPMENT_TEAM = 3CV29VNQFD;
				DYLIB_COMPATIBILITY_VERSION = 1;
				DYLIB_CURRENT_VERSION = 1;
				DYLIB_INSTALL_NAME_BASE = "@rpath";
				INFOPLIST_FILE = KnxBasics2Ios/Info.plist;
				INSTALL_PATH = "$(LOCAL_LIBRARY_DIR)/Frameworks";
				IPHONEOS_DEPLOYMENT_TARGET = 12.0;
				LD_RUNPATH_SEARCH_PATHS = "$(inherited) @executable_path/Frameworks @loader_path/Frameworks";
				PRODUCT_BUNDLE_IDENTIFIER = Systemsoft.KnxBasics2Ios;
				PRODUCT_NAME = "$(TARGET_NAME)";
				SDKROOT = iphoneos;
				SKIP_INSTALL = YES;
				SWIFT_VERSION = 4.2;
				TARGETED_DEVICE_FAMILY = "1,2";
				VALIDATE_PRODUCT = YES;
			};
			name = Release;
		};
/* End XCBuildConfiguration section */

/* Begin XCConfigurationList section */
		BF66522F1CC7F065004158BB /* Build configuration list for PBXProject "KnxBasics2" */ = {
			isa = XCConfigurationList;
			buildConfigurations = (
				BF6652471CC7F066004158BB /* Debug */,
				BF6652481CC7F066004158BB /* Release */,
			);
			defaultConfigurationIsVisible = 0;
			defaultConfigurationName = Release;
		};
		BF6652491CC7F066004158BB /* Build configuration list for PBXNativeTarget "KnxBasics2" */ = {
			isa = XCConfigurationList;
			buildConfigurations = (
				BF66524A1CC7F066004158BB /* Debug */,
				BF66524B1CC7F066004158BB /* Release */,
			);
			defaultConfigurationIsVisible = 0;
			defaultConfigurationName = Release;
		};
		BF66524C1CC7F066004158BB /* Build configuration list for PBXNativeTarget "KnxBasics2Tests" */ = {
			isa = XCConfigurationList;
			buildConfigurations = (
				BF66524D1CC7F066004158BB /* Debug */,
				BF66524E1CC7F066004158BB /* Release */,
			);
			defaultConfigurationIsVisible = 0;
			defaultConfigurationName = Release;
		};
		BF6F3AF41EB12F7B00A4F89E /* Build configuration list for PBXNativeTarget "KnxBasics2Ios" */ = {
			isa = XCConfigurationList;
			buildConfigurations = (
				BF6F3AF21EB12F7B00A4F89E /* Debug */,
				BF6F3AF31EB12F7B00A4F89E /* Release */,
			);
			defaultConfigurationIsVisible = 0;
			defaultConfigurationName = Release;
		};
/* End XCConfigurationList section */
	};
	rootObject = BF66522C1CC7F065004158BB /* Project object */;
}
